
Microsoft Visual Studio Solution File, Format Version 12.00
# Visual Studio Version 17
VisualStudioVersion = 17.6.33712.159
MinimumVisualStudioVersion = 10.0.40219.1
Project("{FAE04EC0-301F-11D3-BF4B-00C04F79EFBC}") = "soru3hamburger", "soru3hamburger\soru3hamburger.csproj", "{49513413-3050-4332-AE35-48DB4C38822A}"
EndProject
Global
	GlobalSection(SolutionConfigurationPlatforms) = preSolution
		Debug|Any CPU = Debug|Any CPU
		Release|Any CPU = Release|Any CPU
	EndGlobalSection
	GlobalSection(ProjectConfigurationPlatforms) = postSolution
		{49513413-3050-4332-AE35-48DB4C38822A}.Debug|Any CPU.ActiveCfg = Debug|Any CPU
		{49513413-3050-4332-AE35-48DB4C38822A}.Debug|Any CPU.Build.0 = Debug|Any CPU
		{49513413-3050-4332-AE35-48DB4C38822A}.Release|Any CPU.ActiveCfg = Release|Any CPU
		{49513413-3050-4332-AE35-48DB4C38822A}.Release|Any CPU.Build.0 = Release|Any CPU
	EndGlobalSection
	GlobalSection(SolutionProperties) = preSolution
		HideSolutionNode = FALSE
	EndGlobalSection
	GlobalSection(ExtensibilityGlobals) = postSolution
		SolutionGuid = {37D447B4-5964-4AC5-8CF3-4957E7DC71BA}
	EndGlobalSection
EndGlobal
